Microsoft Visual Studio Solution File, Format Version 12.00
# Visual Studio Version 17
VisualStudioVersion = 17.5.2.0
MinimumVisualStudioVersion = 10.0.40219.1
Project("{FAE04EC0-301F-11D3-BF4B-00C04F79EFBC}") = "tutorial-1-s27619", "tutorial-1-s27619.csproj", "{3CCAD3D5-0B13-2564-DE58-E5E26245D5E1}"
EndProject
Global
	GlobalSection(SolutionConfigurationPlatforms) = preSolution
		Debug|Any CPU = Debug|Any CPU
		Release|Any CPU = Release|Any CPU
	EndGlobalSection
	GlobalSection(ProjectConfigurationPlatforms) = postSolution
		{3CCAD3D5-0B13-2564-DE58-E5E26245D5E1}.Debug|Any CPU.ActiveCfg = Debug|Any CPU
		{3CCAD3D5-0B13-2564-DE58-E5E26245D5E1}.Debug|Any CPU.Build.0 = Debug|Any CPU
		{3CCAD3D5-0B13-2564-DE58-E5E26245D5E1}.Release|Any CPU.ActiveCfg = Release|Any CPU
		{3CCAD3D5-0B13-2564-DE58-E5E26245D5E1}.Release|Any CPU.Build.0 = Release|Any CPU
	EndGlobalSection
	GlobalSection(SolutionProperties) = preSolution
		HideSolutionNode = FALSE
	EndGlobalSection
	GlobalSection(ExtensibilityGlobals) = postSolution
		SolutionGuid = {7784A9B9-46FB-4AB0-9E19-A00A0DE86EF6}
	EndGlobalSection
EndGlobal
